
Microsoft Visual Studio Solution File, Format Version 12.00
# Visual Studio 14
VisualStudioVersion = 14.0.24720.0
MinimumVisualStudioVersion = 10.0.40219.1
Project("{FAE04EC0-301F-11D3-BF4B-00C04F79EFBC}") = "Task6.ConsoleUI", "Task6.ConsoleUI\Task6.ConsoleUI.csproj", "{36EAC071-F8AF-4652-83F8-9920BAAB185F}"
EndProject
Project("{FAE04EC0-301F-11D3-BF4B-00C04F79EFBC}") = "Task6.Logic", "Task6.Logic\Task6.Logic.csproj", "{2DC455A6-3407-43F8-B084-5A08A9978114}"
EndProject
Project("{FAE04EC0-301F-11D3-BF4B-00C04F79EFBC}") = "Task6.Entities", "Task6.Entities\Task6.Entities.csproj", "{E9091860-2981-4F40-9E42-4B164A307D3F}"
EndProject
Project("{FAE04EC0-301F-11D3-BF4B-00C04F79EFBC}") = "Task6.DBDal", "Task6.XMLDal\Task6.DBDal.csproj", "{42B5184E-7044-43CB-8F23-33153ED13BB2}"
EndProject
Project("{FAE04EC0-301F-11D3-BF4B-00C04F79EFBC}") = "Task6.DalContracts", "Task6.DalContracts\Task6.DalContracts.csproj", "{6C162051-C76E-4B30-A29A-BCA760DCBBE4}"
EndProject
Project("{2150E333-8FDC-42A3-9474-1A3956D46DE8}") = "BLL", "BLL", "{83AA4391-6EC1-46C8-BFA1-B48CFAFB7574}"
EndProject
Project("{2150E333-8FDC-42A3-9474-1A3956D46DE8}") = "DAL", "DAL", "{6C6F0337-E65E-4A3C-B497-693680384F5D}"
EndProject
Project("{2150E333-8FDC-42A3-9474-1A3956D46DE8}") = "PL", "PL", "{B30FDE27-2785-411F-8218-FB982EEC3CEB}"
EndProject
Project("{2150E333-8FDC-42A3-9474-1A3956D46DE8}") = "Common", "Common", "{4DC122C5-9903-4F78-9A9F-E60A42D1523D}"
EndProject
Project("{FAE04EC0-301F-11D3-BF4B-00C04F79EFBC}") = "Task6.BllContracts", "Task6.BllContracts\Task6.BllContracts.csproj", "{087A3F84-DB75-4BBA-8920-5DCA72C42FFE}"
EndProject
Project("{FAE04EC0-301F-11D3-BF4B-00C04F79EFBC}") = "Task6.WebUI", "Task6.WebUI\Task6.WebUI.csproj", "{957CB139-8F3D-4227-86A1-DEFD59470108}"
EndProject
Project("{2150E333-8FDC-42A3-9474-1A3956D46DE8}") = "Pages", "Pages", "{E50F1F69-8D37-41F7-88E6-B0B6E5345D23}"
EndProject
Project("{2150E333-8FDC-42A3-9474-1A3956D46DE8}") = "Awards", "Awards", "{B193DE0E-2C7C-4CEC-A324-57DEBE3CBD90}"
EndProject
Project("{2150E333-8FDC-42A3-9474-1A3956D46DE8}") = "Users", "Users", "{4BE5B93A-82C9-488C-9145-BE616747CF8B}"
EndProject
Global
	GlobalSection(SolutionConfigurationPlatforms) = preSolution
		Debug|Any CPU = Debug|Any CPU
		Release|Any CPU = Release|Any CPU
	EndGlobalSection
	GlobalSection(ProjectConfigurationPlatforms) = postSolution
		{36EAC071-F8AF-4652-83F8-9920BAAB185F}.Debug|Any CPU.ActiveCfg = Debug|Any CPU
		{36EAC071-F8AF-4652-83F8-9920BAAB185F}.Debug|Any CPU.Build.0 = Debug|Any CPU
		{36EAC071-F8AF-4652-83F8-9920BAAB185F}.Release|Any CPU.ActiveCfg = Release|Any CPU
		{36EAC071-F8AF-4652-83F8-9920BAAB185F}.Release|Any CPU.Build.0 = Release|Any CPU
		{2DC455A6-3407-43F8-B084-5A08A9978114}.Debug|Any CPU.ActiveCfg = Debug|Any CPU
		{2DC455A6-3407-43F8-B084-5A08A9978114}.Debug|Any CPU.Build.0 = Debug|Any CPU
		{2DC455A6-3407-43F8-B084-5A08A9978114}.Release|Any CPU.ActiveCfg = Release|Any CPU
		{2DC455A6-3407-43F8-B084-5A08A9978114}.Release|Any CPU.Build.0 = Release|Any CPU
		{E9091860-2981-4F40-9E42-4B164A307D3F}.Debug|Any CPU.ActiveCfg = Debug|Any CPU
		{E9091860-2981-4F40-9E42-4B164A307D3F}.Debug|Any CPU.Build.0 = Debug|Any CPU
		{E9091860-2981-4F40-9E42-4B164A307D3F}.Release|Any CPU.ActiveCfg = Release|Any CPU
		{E9091860-2981-4F40-9E42-4B164A307D3F}.Release|Any CPU.Build.0 = Release|Any CPU
		{42B5184E-7044-43CB-8F23-33153ED13BB2}.Debug|Any CPU.ActiveCfg = Debug|Any CPU
		{42B5184E-7044-43CB-8F23-33153ED13BB2}.Debug|Any CPU.Build.0 = Debug|Any CPU
		{42B5184E-7044-43CB-8F23-33153ED13BB2}.Release|Any CPU.ActiveCfg = Release|Any CPU
		{42B5184E-7044-43CB-8F23-33153ED13BB2}.Release|Any CPU.Build.0 = Release|Any CPU
		{6C162051-C76E-4B30-A29A-BCA760DCBBE4}.Debug|Any CPU.ActiveCfg = Debug|Any CPU
		{6C162051-C76E-4B30-A29A-BCA760DCBBE4}.Debug|Any CPU.Build.0 = Debug|Any CPU
		{6C162051-C76E-4B30-A29A-BCA760DCBBE4}.Release|Any CPU.ActiveCfg = Release|Any CPU
		{6C162051-C76E-4B30-A29A-BCA760DCBBE4}.Release|Any CPU.Build.0 = Release|Any CPU
		{087A3F84-DB75-4BBA-8920-5DCA72C42FFE}.Debug|Any CPU.ActiveCfg = Debug|Any CPU
		{087A3F84-DB75-4BBA-8920-5DCA72C42FFE}.Debug|Any CPU.Build.0 = Debug|Any CPU
		{087A3F84-DB75-4BBA-8920-5DCA72C42FFE}.Release|Any CPU.ActiveCfg = Release|Any CPU
		{087A3F84-DB75-4BBA-8920-5DCA72C42FFE}.Release|Any CPU.Build.0 = Release|Any CPU
		{957CB139-8F3D-4227-86A1-DEFD59470108}.Debug|Any CPU.ActiveCfg = Debug|Any CPU
		{957CB139-8F3D-4227-86A1-DEFD59470108}.Debug|Any CPU.Build.0 = Debug|Any CPU
		{957CB139-8F3D-4227-86A1-DEFD59470108}.Release|Any CPU.ActiveCfg = Release|Any CPU
		{957CB139-8F3D-4227-86A1-DEFD59470108}.Release|Any CPU.Build.0 = Release|Any CPU
	EndGlobalSection
	GlobalSection(SolutionProperties) = preSolution
		HideSolutionNode = FALSE
	EndGlobalSection
	GlobalSection(NestedProjects) = preSolution
		{36EAC071-F8AF-4652-83F8-9920BAAB185F} = {B30FDE27-2785-411F-8218-FB982EEC3CEB}
		{2DC455A6-3407-43F8-B084-5A08A9978114} = {83AA4391-6EC1-46C8-BFA1-B48CFAFB7574}
		{E9091860-2981-4F40-9E42-4B164A307D3F} = {4DC122C5-9903-4F78-9A9F-E60A42D1523D}
		{42B5184E-7044-43CB-8F23-33153ED13BB2} = {6C6F0337-E65E-4A3C-B497-693680384F5D}
		{6C162051-C76E-4B30-A29A-BCA760DCBBE4} = {6C6F0337-E65E-4A3C-B497-693680384F5D}
		{087A3F84-DB75-4BBA-8920-5DCA72C42FFE} = {83AA4391-6EC1-46C8-BFA1-B48CFAFB7574}
		{957CB139-8F3D-4227-86A1-DEFD59470108} = {B30FDE27-2785-411F-8218-FB982EEC3CEB}
		{E50F1F69-8D37-41F7-88E6-B0B6E5345D23} = {B30FDE27-2785-411F-8218-FB982EEC3CEB}
		{B193DE0E-2C7C-4CEC-A324-57DEBE3CBD90} = {E50F1F69-8D37-41F7-88E6-B0B6E5345D23}
		{4BE5B93A-82C9-488C-9145-BE616747CF8B} = {E50F1F69-8D37-41F7-88E6-B0B6E5345D23}
	EndGlobalSection
EndGlobal
